
Microsoft Visual Studio Solution File, Format Version 12.00
# Visual Studio Version 17
VisualStudioVersion = 17.5.33516.290
MinimumVisualStudioVersion = 10.0.40219.1
Project("{FAE04EC0-301F-11D3-BF4B-00C04F79EFBC}") = "DynamicProxy.Experiments", "DynamicProxy.Experiments\DynamicProxy.Experiments.csproj", "{81EDED1F-DD59-4746-B658-B632F23B71F3}"
EndProject
Project("{FAE04EC0-301F-11D3-BF4B-00C04F79EFBC}") = "DynamicProxy.BusinessLogic.Objects", "DynamicProxy.BusinessLogic.Objects\DynamicProxy.BusinessLogic.Objects.csproj", "{77368CD3-1DD8-49A7-BAFB-38030464F913}"
EndProject
Global
	GlobalSection(SolutionConfigurationPlatforms) = preSolution
		Debug|Any CPU = Debug|Any CPU
		Release|Any CPU = Release|Any CPU
	EndGlobalSection
	GlobalSection(ProjectConfigurationPlatforms) = postSolution
		{81EDED1F-DD59-4746-B658-B632F23B71F3}.Debug|Any CPU.ActiveCfg = Debug|Any CPU
		{81EDED1F-DD59-4746-B658-B632F23B71F3}.Debug|Any CPU.Build.0 = Debug|Any CPU
		{81EDED1F-DD59-4746-B658-B632F23B71F3}.Release|Any CPU.ActiveCfg = Release|Any CPU
		{81EDED1F-DD59-4746-B658-B632F23B71F3}.Release|Any CPU.Build.0 = Release|Any CPU
		{77368CD3-1DD8-49A7-BAFB-38030464F913}.Debug|Any CPU.ActiveCfg = Debug|Any CPU
		{77368CD3-1DD8-49A7-BAFB-38030464F913}.Debug|Any CPU.Build.0 = Debug|Any CPU
		{77368CD3-1DD8-49A7-BAFB-38030464F913}.Release|Any CPU.ActiveCfg = Release|Any CPU
		{77368CD3-1DD8-49A7-BAFB-38030464F913}.Release|Any CPU.Build.0 = Release|Any CPU
	EndGlobalSection
	GlobalSection(SolutionProperties) = preSolution
		HideSolutionNode = FALSE
	EndGlobalSection
	GlobalSection(ExtensibilityGlobals) = postSolution
		SolutionGuid = {DBD9AD12-8C42-4A39-9DF5-B25F48CF47A1}
	EndGlobalSection
EndGlobal
